PODS:
  - AppAuth (1.7.5):
    - AppAuth/Core (= 1.7.5)
    - AppAuth/ExternalUserAgent (= 1.7.5)
  - AppAuth/Core (1.7.5)
  - AppAuth/ExternalUserAgent (1.7.5):
    - AppAuth/Core
  - audioplayers_darwin (0.0.1):
    - Flutter
  - Flutter (1.0.0)
  - google_sign_in_ios (0.0.1):
    - AppAuth (>= 1.7.4)
    - Flutter
    - FlutterMacOS
    - GoogleSignIn (~> 7.1)
    - GTMSessionFetcher (>= 3.4.0)
  - GoogleSignIn (7.1.0):
    - AppAuth (< 2.0, >= 1.7.3)
    - GTMAppAuth (< 5.0, >= 4.1.1)
    - GTMSessionFetcher/Core (~> 3.3)
  - GTMAppAuth (4.1.1):
    - AppAuth/Core (~> 1.7)
    - GTMSessionFetcher/Core (< 4.0, >= 3.3)
  - GTMSessionFetcher (3.5.0):
    - GTMSessionFetcher/Full (= 3.5.0)
  - GTMSessionFetcher/Core (3.5.0)
  - GTMSessionFetcher/Full (3.5.0):
    - GTMSessionFetcher/Core
  - image_picker_ios (0.0.1):
    - Flutter
  - path_provider_foundation (0.0.1):
    - Flutter
    - FlutterMacOS
  - Stripe (23.27.6):
    - StripeApplePay (= 23.27.6)
    - StripeCore (= 23.27.6)
    - StripePayments (= 23.27.6)
    - StripePaymentsUI (= 23.27.6)
    - StripeUICore (= 23.27.6)
  - stripe_ios (0.0.1):
    - Flutter
    - Stripe (~> 23.27.0)
    - StripeApplePay (~> 23.27.0)
    - StripeFinancialConnections (~> 23.27.0)
    - StripePayments (~> 23.27.0)
    - StripePaymentSheet (~> 23.27.0)
    - StripePaymentsUI (~> 23.27.0)
  - StripeApplePay (23.27.6):
    - StripeCore (= 23.27.6)
  - StripeCore (23.27.6)
  - StripeFinancialConnections (23.27.6):
    - StripeCore (= 23.27.6)
    - StripeUICore (= 23.27.6)
  - StripePayments (23.27.6):
    - StripeCore (= 23.27.6)
    - StripePayments/Stripe3DS2 (= 23.27.6)
  - StripePayments/Stripe3DS2 (23.27.6):
    - StripeCore (= 23.27.6)
  - StripePaymentSheet (23.27.6):
    - StripeApplePay (= 23.27.6)
    - StripeCore (= 23.27.6)
    - StripePayments (= 23.27.6)
    - StripePaymentsUI (= 23.27.6)
  - StripePaymentsUI (23.27.6):
    - StripeCore (= 23.27.6)
    - StripePayments (= 23.27.6)
    - StripeUICore (= 23.27.6)
  - StripeUICore (23.27.6):
    - StripeCore (= 23.27.6)

DEPENDENCIES:
  - audioplayers_darwin (from `.symlinks/plugins/audioplayers_darwin/ios`)
  - Flutter (from `Flutter`)
  - google_sign_in_ios (from `.symlinks/plugins/google_sign_in_ios/darwin`)
  - image_picker_ios (from `.symlinks/plugins/image_picker_ios/ios`)
  - path_provider_foundation (from `.symlinks/plugins/path_provider_foundation/darwin`)
  - stripe_ios (from `.symlinks/plugins/stripe_ios/ios`)

SPEC REPOS:
  trunk:
    - AppAuth
    - GoogleSignIn
    - GTMAppAuth
    - GTMSessionFetcher
    - Stripe
    - StripeApplePay
    - StripeCore
    - StripeFinancialConnections
    - StripePayments
    - StripePaymentSheet
    - StripePaymentsUI
    - StripeUICore

EXTERNAL SOURCES:
  audioplayers_darwin:
    :path: ".symlinks/plugins/audioplayers_darwin/ios"
  Flutter:
    :path: Flutter
  google_sign_in_ios:
    :path: ".symlinks/plugins/google_sign_in_ios/darwin"
  image_picker_ios:
    :path: ".symlinks/plugins/image_picker_ios/ios"
  path_provider_foundation:
    :path: ".symlinks/plugins/path_provider_foundation/darwin"
  stripe_ios:
    :path: ".symlinks/plugins/stripe_ios/ios"

SPEC CHECKSUMS:
  AppAuth: 501c04eda8a8d11f179dbe8637b7a91bb7e5d2fa
  audioplayers_darwin: 877d9a4d06331c5c374595e46e16453ac7eafa40
  Flutter: e0871f40cf51350855a761d2e70bf5af5b9b5de7
  google_sign_in_ios: 07375bfbf2620bc93a602c0e27160d6afc6ead38
  GoogleSignIn: d4281ab6cf21542b1cfaff85c191f230b399d2db
  GTMAppAuth: f69bd07d68cd3b766125f7e072c45d7340dea0de
  GTMSessionFetcher: 5aea5ba6bd522a239e236100971f10cb71b96ab6
  image_picker_ios: c560581cceedb403a6ff17f2f816d7fea1421fc1
  path_provider_foundation: 2b6b4c569c0fb62ec74538f866245ac84301af46
  Stripe: 9fec845645e39f371e6898926d096fd9c2feb5a5
  stripe_ios: 03c617acee72e48a2d055d096a4b0ed2afebb256
  StripeApplePay: 5f017e8dfe259fafbab70137776189deef754bb2
  StripeCore: 01ec57f0dddfe742054dc6a322f811426c25313d
  StripeFinancialConnections: 56698cb6274bf89fb8c76b934f6156f368e97765
  StripePayments: 6adf11faf1b7038e77aa97019410305c6adca79d
  StripePaymentSheet: 3eaf870c4388e44b0cc37e4c69d00b6957fd8bd7
  StripePaymentsUI: 59ccddeacad592b09fa67e8d641340820ddb4751
  StripeUICore: 879bbf5889265db13f52fac8aad7a176ba62481f

PODFILE CHECKSUM: a57f30d18f102dd3ce366b1d62a55ecbef2158e5

COCOAPODS: 1.15.2
